
Microsoft Visual Studio Solution File, Format Version 12.00
# Visual Studio 15
VisualStudioVersion = 15.0.27130.2027
MinimumVisualStudioVersion = 10.0.40219.1
Project("{9A19103F-16F7-4668-BE54-9A1E7A4F7556}") = "RunningApp", "RunningApp\RunningApp.csproj", "{BFF26319-0E81-48CC-B380-EB36AC37ACB4}"
EndProject
Project("{9A19103F-16F7-4668-BE54-9A1E7A4F7556}") = "ArraysQuestions", "ArraysQuestions\ArraysQuestions.csproj", "{8BE32494-C956-48FE-A8E9-4DF3ABE39450}"
EndProject
Project("{9A19103F-16F7-4668-BE54-9A1E7A4F7556}") = "SortingAlgorithms", "SortingAlgorithms\SortingAlgorithms.csproj", "{AB69774A-56B7-42A6-8691-6C90A252BE3E}"
EndProject
Project("{2150E333-8FDC-42A3-9474-1A3956D46DE8}") = "Algorithms", "Algorithms", "{B0FD68B3-EB64-409F-89E1-C72709560FB6}"
EndProject
Project("{9A19103F-16F7-4668-BE54-9A1E7A4F7556}") = "ArrayQuestionsUnitTests", "ArrayQuestionsUnitTests\ArrayQuestionsUnitTests.csproj", "{028CC509-375E-4E20-9891-5A501F1CBADC}"
EndProject
Project("{9A19103F-16F7-4668-BE54-9A1E7A4F7556}") = "MathsQuestions", "MathsQuestions\MathsQuestions.csproj", "{AB376D84-C7A0-4D17-BC8E-C7A52ADA903C}"
EndProject
Project("{9A19103F-16F7-4668-BE54-9A1E7A4F7556}") = "StringQuestions", "StringQuestions\StringQuestions.csproj", "{0A80178F-9665-4391-8D95-F7F9AD284150}"
EndProject
Project("{9A19103F-16F7-4668-BE54-9A1E7A4F7556}") = "LinkedListQuestions", "LinkedListQuestions\LinkedListQuestions.csproj", "{0150FEFF-8B37-45BC-BBE9-6F5558B97366}"
EndProject
Project("{FAE04EC0-301F-11D3-BF4B-00C04F79EFBC}") = "StackQuestions", "StackQuestions\StackQuestions.csproj", "{F4D98C9C-9142-4776-BFF5-AF1D1028C02F}"
EndProject
Project("{FAE04EC0-301F-11D3-BF4B-00C04F79EFBC}") = "GraphTreeQuestions", "GraphTreeQuestions\GraphTreeQuestions.csproj", "{E0E59653-830A-4D2D-8C45-B3C298EB55A8}"
EndProject
Project("{FAE04EC0-301F-11D3-BF4B-00C04F79EFBC}") = "RecursionQuestions", "RecursionQuestions\RecursionQuestions.csproj", "{CB544537-8F75-4CC1-965E-3C2D75E41989}"
EndProject
Global
	GlobalSection(SolutionConfigurationPlatforms) = preSolution
		Debug|Any CPU = Debug|Any CPU
		Release|Any CPU = Release|Any CPU
	EndGlobalSection
	GlobalSection(ProjectConfigurationPlatforms) = postSolution
		{BFF26319-0E81-48CC-B380-EB36AC37ACB4}.Debug|Any CPU.ActiveCfg = Debug|Any CPU
		{BFF26319-0E81-48CC-B380-EB36AC37ACB4}.Debug|Any CPU.Build.0 = Debug|Any CPU
		{BFF26319-0E81-48CC-B380-EB36AC37ACB4}.Release|Any CPU.ActiveCfg = Release|Any CPU
		{BFF26319-0E81-48CC-B380-EB36AC37ACB4}.Release|Any CPU.Build.0 = Release|Any CPU
		{8BE32494-C956-48FE-A8E9-4DF3ABE39450}.Debug|Any CPU.ActiveCfg = Debug|Any CPU
		{8BE32494-C956-48FE-A8E9-4DF3ABE39450}.Debug|Any CPU.Build.0 = Debug|Any CPU
		{8BE32494-C956-48FE-A8E9-4DF3ABE39450}.Release|Any CPU.ActiveCfg = Release|Any CPU
		{8BE32494-C956-48FE-A8E9-4DF3ABE39450}.Release|Any CPU.Build.0 = Release|Any CPU
		{AB69774A-56B7-42A6-8691-6C90A252BE3E}.Debug|Any CPU.ActiveCfg = Debug|Any CPU
		{AB69774A-56B7-42A6-8691-6C90A252BE3E}.Debug|Any CPU.Build.0 = Debug|Any CPU
		{AB69774A-56B7-42A6-8691-6C90A252BE3E}.Release|Any CPU.ActiveCfg = Release|Any CPU
		{AB69774A-56B7-42A6-8691-6C90A252BE3E}.Release|Any CPU.Build.0 = Release|Any CPU
		{028CC509-375E-4E20-9891-5A501F1CBADC}.Debug|Any CPU.ActiveCfg = Debug|Any CPU
		{028CC509-375E-4E20-9891-5A501F1CBADC}.Debug|Any CPU.Build.0 = Debug|Any CPU
		{028CC509-375E-4E20-9891-5A501F1CBADC}.Release|Any CPU.ActiveCfg = Release|Any CPU
		{028CC509-375E-4E20-9891-5A501F1CBADC}.Release|Any CPU.Build.0 = Release|Any CPU
		{AB376D84-C7A0-4D17-BC8E-C7A52ADA903C}.Debug|Any CPU.ActiveCfg = Debug|Any CPU
		{AB376D84-C7A0-4D17-BC8E-C7A52ADA903C}.Debug|Any CPU.Build.0 = Debug|Any CPU
		{AB376D84-C7A0-4D17-BC8E-C7A52ADA903C}.Release|Any CPU.ActiveCfg = Release|Any CPU
		{AB376D84-C7A0-4D17-BC8E-C7A52ADA903C}.Release|Any CPU.Build.0 = Release|Any CPU
		{0A80178F-9665-4391-8D95-F7F9AD284150}.Debug|Any CPU.ActiveCfg = Debug|Any CPU
		{0A80178F-9665-4391-8D95-F7F9AD284150}.Debug|Any CPU.Build.0 = Debug|Any CPU
		{0A80178F-9665-4391-8D95-F7F9AD284150}.Release|Any CPU.ActiveCfg = Release|Any CPU
		{0A80178F-9665-4391-8D95-F7F9AD284150}.Release|Any CPU.Build.0 = Release|Any CPU
		{0150FEFF-8B37-45BC-BBE9-6F5558B97366}.Debug|Any CPU.ActiveCfg = Debug|Any CPU
		{0150FEFF-8B37-45BC-BBE9-6F5558B97366}.Debug|Any CPU.Build.0 = Debug|Any CPU
		{0150FEFF-8B37-45BC-BBE9-6F5558B97366}.Release|Any CPU.ActiveCfg = Release|Any CPU
		{0150FEFF-8B37-45BC-BBE9-6F5558B97366}.Release|Any CPU.Build.0 = Release|Any CPU
		{F4D98C9C-9142-4776-BFF5-AF1D1028C02F}.Debug|Any CPU.ActiveCfg = Debug|Any CPU
		{F4D98C9C-9142-4776-BFF5-AF1D1028C02F}.Debug|Any CPU.Build.0 = Debug|Any CPU
		{F4D98C9C-9142-4776-BFF5-AF1D1028C02F}.Release|Any CPU.ActiveCfg = Release|Any CPU
		{F4D98C9C-9142-4776-BFF5-AF1D1028C02F}.Release|Any CPU.Build.0 = Release|Any CPU
		{E0E59653-830A-4D2D-8C45-B3C298EB55A8}.Debug|Any CPU.ActiveCfg = Debug|Any CPU
		{E0E59653-830A-4D2D-8C45-B3C298EB55A8}.Debug|Any CPU.Build.0 = Debug|Any CPU
		{E0E59653-830A-4D2D-8C45-B3C298EB55A8}.Release|Any CPU.ActiveCfg = Release|Any CPU
		{E0E59653-830A-4D2D-8C45-B3C298EB55A8}.Release|Any CPU.Build.0 = Release|Any CPU
		{CB544537-8F75-4CC1-965E-3C2D75E41989}.Debug|Any CPU.ActiveCfg = Debug|Any CPU
		{CB544537-8F75-4CC1-965E-3C2D75E41989}.Debug|Any CPU.Build.0 = Debug|Any CPU
		{CB544537-8F75-4CC1-965E-3C2D75E41989}.Release|Any CPU.ActiveCfg = Release|Any CPU
		{CB544537-8F75-4CC1-965E-3C2D75E41989}.Release|Any CPU.Build.0 = Release|Any CPU
	EndGlobalSection
	GlobalSection(SolutionProperties) = preSolution
		HideSolutionNode = FALSE
	EndGlobalSection
	GlobalSection(NestedProjects) = preSolution
		{AB69774A-56B7-42A6-8691-6C90A252BE3E} = {B0FD68B3-EB64-409F-89E1-C72709560FB6}
	EndGlobalSection
	GlobalSection(ExtensibilityGlobals) = postSolution
		SolutionGuid = {C0141CCB-6562-467D-8DF1-3C2903F8BD29}
	EndGlobalSection
EndGlobal
